
Microsoft Visual Studio Solution File, Format Version 12.00
# Visual Studio Version 16
VisualStudioVersion = 16.0.31702.278
MinimumVisualStudioVersion = 10.0.40219.1
Project("{FAE04EC0-301F-11D3-BF4B-00C04F79EFBC}") = "RO SRL Salary Tax Calculator", "Tax Calculator\RO SRL Salary Tax Calculator.csproj", "{B193310E-CC2D-469A-B421-4A9C19E4B3F1}"
EndProject
Global
	GlobalSection(SolutionConfigurationPlatforms) = preSolution
		Debug|Any CPU = Debug|Any CPU
		Release|Any CPU = Release|Any CPU
	EndGlobalSection
	GlobalSection(ProjectConfigurationPlatforms) = postSolution
		{B193310E-CC2D-469A-B421-4A9C19E4B3F1}.Debug|Any CPU.ActiveCfg = Debug|Any CPU
		{B193310E-CC2D-469A-B421-4A9C19E4B3F1}.Debug|Any CPU.Build.0 = Debug|Any CPU
		{B193310E-CC2D-469A-B421-4A9C19E4B3F1}.Release|Any CPU.ActiveCfg = Release|Any CPU
		{B193310E-CC2D-469A-B421-4A9C19E4B3F1}.Release|Any CPU.Build.0 = Release|Any CPU
	EndGlobalSection
	GlobalSection(SolutionProperties) = preSolution
		HideSolutionNode = FALSE
	EndGlobalSection
	GlobalSection(ExtensibilityGlobals) = postSolution
		SolutionGuid = {D3A1E468-0B87-4E37-833B-1EBCB3219DBA}
	EndGlobalSection
EndGlobal
